
Microsoft Visual Studio Solution File, Format Version 12.00
# Visual Studio for Mac
Project("{FAE04EC0-301F-11D3-BF4B-00C04F79EFBC}") = "Assembly-CSharp", "Assembly-CSharp.csproj", "{8E24DF75-BE3D-F9F8-5D41-AF98A64DDB52}"
EndProject
Project("{FAE04EC0-301F-11D3-BF4B-00C04F79EFBC}") = "Assembly-CSharp-Editor", "Assembly-CSharp-Editor.csproj", "{8588E3D9-AC4D-0AF9-2ED7-1326E57DB263}"
EndProject
Global
	GlobalSection(SolutionConfigurationPlatforms) = preSolution
		Debug|Any CPU = Debug|Any CPU
		Release|Any CPU = Release|Any CPU
	EndGlobalSection
	GlobalSection(ProjectConfigurationPlatforms) = postSolution
		{8E24DF75-BE3D-F9F8-5D41-AF98A64DDB52}.Debug|Any CPU.ActiveCfg = Debug|Any CPU
		{8E24DF75-BE3D-F9F8-5D41-AF98A64DDB52}.Debug|Any CPU.Build.0 = Debug|Any CPU
		{8E24DF75-BE3D-F9F8-5D41-AF98A64DDB52}.Release|Any CPU.ActiveCfg = Release|Any CPU
		{8E24DF75-BE3D-F9F8-5D41-AF98A64DDB52}.Release|Any CPU.Build.0 = Release|Any CPU
		{8588E3D9-AC4D-0AF9-2ED7-1326E57DB263}.Debug|Any CPU.ActiveCfg = Debug|Any CPU
		{8588E3D9-AC4D-0AF9-2ED7-1326E57DB263}.Debug|Any CPU.Build.0 = Debug|Any CPU
		{8588E3D9-AC4D-0AF9-2ED7-1326E57DB263}.Release|Any CPU.ActiveCfg = Release|Any CPU
		{8588E3D9-AC4D-0AF9-2ED7-1326E57DB263}.Release|Any CPU.Build.0 = Release|Any CPU
	EndGlobalSection
	GlobalSection(SolutionProperties) = preSolution
		HideSolutionNode = FALSE
	EndGlobalSection
EndGlobal
